// !$*UTF8*$!
{
	archiveVersion = 1;
	classes = {
	};
	objectVersion = 52;
	objects = {

/* Begin PBXBuildFile section */
		120CB5D22557D51500F86A72 /* InsertArticleViewController.swift in Sources */ = {isa = PBXBuildFile; fileRef = 120CB5D12557D51500F86A72 /* InsertArticleViewController.swift */; };
		120CB5DA2557F16200F86A72 /* ResPickerTableViewController.swift in Sources */ = {isa = PBXBuildFile; fileRef = 120CB5D92557F16200F86A72 /* ResPickerTableViewController.swift */; };
		120CB5DD2557F19300F86A72 /* ResPickerTableViewCell.swift in Sources */ = {isa = PBXBuildFile; fileRef = 120CB5DC2557F19300F86A72 /* ResPickerTableViewCell.swift */; };
		120CB5E02557FA9900F86A72 /* ResAddress.swift in Sources */ = {isa = PBXBuildFile; fileRef = 120CB5DF2557FA9900F86A72 /* ResAddress.swift */; };
		120CB5E3255860D100F86A72 /* CommentTableViewCell.swift in Sources */ = {isa = PBXBuildFile; fileRef = 120CB5E2255860D100F86A72 /* CommentTableViewCell.swift */; };
		120CB5E62558622100F86A72 /* CommentViewController.swift in Sources */ = {isa = PBXBuildFile; fileRef = 120CB5E52558622100F86A72 /* CommentViewController.swift */; };
		120CB5E92558640600F86A72 /* Comment.swift in Sources */ = {isa = PBXBuildFile; fileRef = 120CB5E82558640600F86A72 /* Comment.swift */; };
		123DBC9C2551CC250051E8AA /* Article.swift in Sources */ = {isa = PBXBuildFile; fileRef = 123DBC9B2551CC250051E8AA /* Article.swift */; };
		123DBC9F25525D980051E8AA /* NewArticleTableViewController.swift in Sources */ = {isa = PBXBuildFile; fileRef = 123DBC9E25525D980051E8AA /* NewArticleTableViewController.swift */; };
		123DBCA225525DF60051E8AA /* RankArticleTableViewController.swift in Sources */ = {isa = PBXBuildFile; fileRef = 123DBCA125525DF60051E8AA /* RankArticleTableViewController.swift */; };
		123DBCA525525E3B0051E8AA /* FavoriteArticleTableViewController.swift in Sources */ = {isa = PBXBuildFile; fileRef = 123DBCA425525E3B0051E8AA /* FavoriteArticleTableViewController.swift */; };
		123DBCA8255268DD0051E8AA /* ArticleViewController.swift in Sources */ = {isa = PBXBuildFile; fileRef = 123DBCA7255268DD0051E8AA /* ArticleViewController.swift */; };
		123DBCAC25528C380051E8AA /* ArticleTableViewCell.swift in Sources */ = {isa = PBXBuildFile; fileRef = 123DBCAA25528C380051E8AA /* ArticleTableViewCell.swift */; };
		123DBCAD25528C380051E8AA /* ArticleTableViewCell.xib in Resources */ = {isa = PBXBuildFile; fileRef = 123DBCAB25528C380051E8AA /* ArticleTableViewCell.xib */; };
		123DBCB42552D33E0051E8AA /* Common.swift in Sources */ = {isa = PBXBuildFile; fileRef = 123DBCB32552D33E0051E8AA /* Common.swift */; };
		124E53C2255FD47A0053DA55 /* UpdateShowImageCollectionViewCell.swift in Sources */ = {isa = PBXBuildFile; fileRef = 124E53C1255FD4790053DA55 /* UpdateShowImageCollectionViewCell.swift */; };
		124E53C5255FD4960053DA55 /* UpdateInsertImageCollectionViewCell.swift in Sources */ = {isa = PBXBuildFile; fileRef = 124E53C4255FD4960053DA55 /* UpdateInsertImageCollectionViewCell.swift */; };
		126CD15A255A7979008FC50A /* InsertImageView.swift in Sources */ = {isa = PBXBuildFile; fileRef = 126CD159255A7979008FC50A /* InsertImageView.swift */; };
		127DF3192555143E009138CF /* RankCollectionViewController.swift in Sources */ = {isa = PBXBuildFile; fileRef = 127DF3182555143E009138CF /* RankCollectionViewController.swift */; };
		127DF31C25551EE6009138CF /* ArticleDetailViewController.swift in Sources */ = {isa = PBXBuildFile; fileRef = 127DF31B25551EE6009138CF /* ArticleDetailViewController.swift */; };
		127DF32725558AC3009138CF /* ArticleImageCollectionViewCell.swift in Sources */ = {isa = PBXBuildFile; fileRef = 127DF32625558AC3009138CF /* ArticleImageCollectionViewCell.swift */; };
		128B4E882553DA0B00D28A0C /* Image.swift in Sources */ = {isa = PBXBuildFile; fileRef = 128B4E872553DA0B00D28A0C /* Image.swift */; };
		128B4E8C2554DD1A00D28A0C /* ArticleCollectionViewCell.swift in Sources */ = {isa = PBXBuildFile; fileRef = 128B4E8A2554DD1A00D28A0C /* ArticleCollectionViewCell.swift */; };
		128B4E8D2554DD1A00D28A0C /* ArticleCollectionViewCell.xib in Resources */ = {isa = PBXBuildFile; fileRef = 128B4E8B2554DD1A00D28A0C /* ArticleCollectionViewCell.xib */; };
		1292F215255D3D7400EAF496 /* UpdateArticleViewController.swift in Sources */ = {isa = PBXBuildFile; fileRef = 1292F214255D3D7400EAF496 /* UpdateArticleViewController.swift */; };
		129ADA94255C306E00ABA2FE /* ArticleList.plist in Resources */ = {isa = PBXBuildFile; fileRef = 129ADA93255C306E00ABA2FE /* ArticleList.plist */; };
		12B8B04F2556F4C5001853EB /* BigImageViewController.swift in Sources */ = {isa = PBXBuildFile; fileRef = 12B8B04E2556F4C5001853EB /* BigImageViewController.swift */; };
		19461D46255B8F85000D54A5 /* ResMapCollectionViewCell.swift in Sources */ = {isa = PBXBuildFile; fileRef = 19461D44255B8F85000D54A5 /* ResMapCollectionViewCell.swift */; };
		19461D47255B8F85000D54A5 /* ResMapCollectionViewCell.xib in Resources */ = {isa = PBXBuildFile; fileRef = 19461D45255B8F85000D54A5 /* ResMapCollectionViewCell.xib */; };
		19461D56255E1A3E000D54A5 /* ResListCollectionViewController.swift in Sources */ = {isa = PBXBuildFile; fileRef = 19461D55255E1A3E000D54A5 /* ResListCollectionViewController.swift */; };
		19708761254BBFCC00014DCF /* AppDelegate.swift in Sources */ = {isa = PBXBuildFile; fileRef = 19708760254BBFCC00014DCF /* AppDelegate.swift */; };
		19708763254BBFCC00014DCF /* SceneDelegate.swift in Sources */ = {isa = PBXBuildFile; fileRef = 19708762254BBFCC00014DCF /* SceneDelegate.swift */; };
		19708765254BBFCC00014DCF /* ViewController.swift in Sources */ = {isa = PBXBuildFile; fileRef = 19708764254BBFCC00014DCF /* ViewController.swift */; };
		19708768254BBFCC00014DCF /* Main.storyboard in Resources */ = {isa = PBXBuildFile; fileRef = 19708766254BBFCC00014DCF /* Main.storyboard */; };
		1970876A254BBFCF00014DCF /* Assets.xcassets in Resources */ = {isa = PBXBuildFile; fileRef = 19708769254BBFCF00014DCF /* Assets.xcassets */; };
		1970876D254BBFCF00014DCF /* LaunchScreen.storyboard in Resources */ = {isa = PBXBuildFile; fileRef = 1970876B254BBFCF00014DCF /* LaunchScreen.storyboard */; };
		19708776254BC0A800014DCF /* Home.storyboard in Resources */ = {isa = PBXBuildFile; fileRef = 19708775254BC0A800014DCF /* Home.storyboard */; };
		1970877A254BC14000014DCF /* Map.storyboard in Resources */ = {isa = PBXBuildFile; fileRef = 19708779254BC14000014DCF /* Map.storyboard */; };
		1970877D254BC42700014DCF /* Coupon.storyboard in Resources */ = {isa = PBXBuildFile; fileRef = 1970877C254BC42700014DCF /* Coupon.storyboard */; };
		19708780254BC4BC00014DCF /* Article.storyboard in Resources */ = {isa = PBXBuildFile; fileRef = 1970877F254BC4BC00014DCF /* Article.storyboard */; };
		19708783254BC7E800014DCF /* User.storyboard in Resources */ = {isa = PBXBuildFile; fileRef = 19708782254BC7E800014DCF /* User.storyboard */; };
		19FC26C3254FB9EB00BD47EC /* NetworkController.swift in Sources */ = {isa = PBXBuildFile; fileRef = 19FC26C2254FB9EB00BD47EC /* NetworkController.swift */; };
		19FC26C7254FBB2D00BD47EC /* ResMaintainViewController.swift in Sources */ = {isa = PBXBuildFile; fileRef = 19FC26C6254FBB2D00BD47EC /* ResMaintainViewController.swift */; };
		19FC26CA254FE1F700BD47EC /* ResCell.swift in Sources */ = {isa = PBXBuildFile; fileRef = 19FC26C9254FE1F700BD47EC /* ResCell.swift */; };
		19FC26CD254FE38700BD47EC /* Res.swift in Sources */ = {isa = PBXBuildFile; fileRef = 19FC26CC254FE38700BD47EC /* Res.swift */; };
		19FC2745255A1F5100BD47EC /* GetImagePost.swift in Sources */ = {isa = PBXBuildFile; fileRef = 19FC2744255A1F5100BD47EC /* GetImagePost.swift */; };
		19FC274D255A45A800BD47EC /* ResMapViewController.swift in Sources */ = {isa = PBXBuildFile; fileRef = 19FC274C255A45A800BD47EC /* ResMapViewController.swift */; };
		33A3BB9F2559813700141001 /* MyResTableVC.swift in Sources */ = {isa = PBXBuildFile; fileRef = 33A3BB9E2559813700141001 /* MyResTableVC.swift */; };
		33A3BBA32559820400141001 /* MyResTableVCell.swift in Sources */ = {isa = PBXBuildFile; fileRef = 33A3BBA22559820400141001 /* MyResTableVCell.swift */; };
		33A3BC2F255BD40C00141001 /* MyRes.swift in Sources */ = {isa = PBXBuildFile; fileRef = 33A3BC2E255BD40C00141001 /* MyRes.swift */; };
		33AEB6482552AB9F00083F2E /* UserAreaTableVC.swift in Sources */ = {isa = PBXBuildFile; fileRef = 33AEB6472552AB9F00083F2E /* UserAreaTableVC.swift */; };
		33AEB64D2553928400083F2E /* UserDataSetupVC.swift in Sources */ = {isa = PBXBuildFile; fileRef = 33AEB64C2553928400083F2E /* UserDataSetupVC.swift */; };
		33BD4AA425552556001924DD /* UserAccount.swift in Sources */ = {isa = PBXBuildFile; fileRef = 33BD4AA325552556001924DD /* UserAccount.swift */; };
		33BD4AA725553495001924DD /* UserCommon.swift in Sources */ = {isa = PBXBuildFile; fileRef = 33BD4AA625553495001924DD /* UserCommon.swift */; };
		33D8C6462562720D0036F31C /* MyArticleVController.swift in Sources */ = {isa = PBXBuildFile; fileRef = 33D8C6452562720D0036F31C /* MyArticleVController.swift */; };
		33D8C649256272350036F31C /* MyArticleVCell.swift in Sources */ = {isa = PBXBuildFile; fileRef = 33D8C648256272350036F31C /* MyArticleVCell.swift */; };
		33D8C64C25627CB50036F31C /* MyArticle.swift in Sources */ = {isa = PBXBuildFile; fileRef = 33D8C64B25627CB50036F31C /* MyArticle.swift */; };
/* End PBXBuildFile section */

/* Begin PBXFileReference section */
		120CB5D12557D51500F86A72 /* InsertArticleViewController.swift */ = {isa = PBXFileReference; lastKnownFileType = sourcecode.swift; path = InsertArticleViewController.swift; sourceTree = "<group>"; };
		120CB5D92557F16200F86A72 /* ResPickerTableViewController.swift */ = {isa = PBXFileReference; lastKnownFileType = sourcecode.swift; path = ResPickerTableViewController.swift; sourceTree = "<group>"; };
		120CB5DC2557F19300F86A72 /* ResPickerTableViewCell.swift */ = {isa = PBXFileReference; lastKnownFileType = sourcecode.swift; path = ResPickerTableViewCell.swift; sourceTree = "<group>"; };
		120CB5DF2557FA9900F86A72 /* ResAddress.swift */ = {isa = PBXFileReference; lastKnownFileType = sourcecode.swift; path = ResAddress.swift; sourceTree = "<group>"; };
		120CB5E2255860D100F86A72 /* CommentTableViewCell.swift */ = {isa = PBXFileReference; lastKnownFileType = sourcecode.swift; path = CommentTableViewCell.swift; sourceTree = "<group>"; };
		120CB5E52558622100F86A72 /* CommentViewController.swift */ = {isa = PBXFileReference; lastKnownFileType = sourcecode.swift; path = CommentViewController.swift; sourceTree = "<group>"; };
		120CB5E82558640600F86A72 /* Comment.swift */ = {isa = PBXFileReference; lastKnownFileType = sourcecode.swift; path = Comment.swift; sourceTree = "<group>"; };
		123DBC9B2551CC250051E8AA /* Article.swift */ = {isa = PBXFileReference; lastKnownFileType = sourcecode.swift; path = Article.swift; sourceTree = "<group>"; };
		123DBC9E25525D980051E8AA /* NewArticleTableViewController.swift */ = {isa = PBXFileReference; lastKnownFileType = sourcecode.swift; path = NewArticleTableViewController.swift; sourceTree = "<group>"; };
		123DBCA125525DF60051E8AA /* RankArticleTableViewController.swift */ = {isa = PBXFileReference; lastKnownFileType = sourcecode.swift; path = RankArticleTableViewController.swift; sourceTree = "<group>"; };
		123DBCA425525E3B0051E8AA /* FavoriteArticleTableViewController.swift */ = {isa = PBXFileReference; lastKnownFileType = sourcecode.swift; path = FavoriteArticleTableViewController.swift; sourceTree = "<group>"; };
		123DBCA7255268DD0051E8AA /* ArticleViewController.swift */ = {isa = PBXFileReference; lastKnownFileType = sourcecode.swift; path = ArticleViewController.swift; sourceTree = "<group>"; };
		123DBCAA25528C380051E8AA /* ArticleTableViewCell.swift */ = {isa = PBXFileReference; lastKnownFileType = sourcecode.swift; path = ArticleTableViewCell.swift; sourceTree = "<group>"; };
		123DBCAB25528C380051E8AA /* ArticleTableViewCell.xib */ = {isa = PBXFileReference; lastKnownFileType = file.xib; path = ArticleTableViewCell.xib; sourceTree = "<group>"; };
		123DBCB32552D33E0051E8AA /* Common.swift */ = {isa = PBXFileReference; lastKnownFileType = sourcecode.swift; path = Common.swift; sourceTree = "<group>"; };
		124E53C1255FD4790053DA55 /* UpdateShowImageCollectionViewCell.swift */ = {isa = PBXFileReference; lastKnownFileType = sourcecode.swift; path = UpdateShowImageCollectionViewCell.swift; sourceTree = "<group>"; };
		124E53C4255FD4960053DA55 /* UpdateInsertImageCollectionViewCell.swift */ = {isa = PBXFileReference; lastKnownFileType = sourcecode.swift; path = UpdateInsertImageCollectionViewCell.swift; sourceTree = "<group>"; };
		126CD159255A7979008FC50A /* InsertImageView.swift */ = {isa = PBXFileReference; lastKnownFileType = sourcecode.swift; path = InsertImageView.swift; sourceTree = "<group>"; };
		127DF3182555143E009138CF /* RankCollectionViewController.swift */ = {isa = PBXFileReference; lastKnownFileType = sourcecode.swift; path = RankCollectionViewController.swift; sourceTree = "<group>"; };
		127DF31B25551EE6009138CF /* ArticleDetailViewController.swift */ = {isa = PBXFileReference; lastKnownFileType = sourcecode.swift; path = ArticleDetailViewController.swift; sourceTree = "<group>"; };
		127DF32625558AC3009138CF /* ArticleImageCollectionViewCell.swift */ = {isa = PBXFileReference; lastKnownFileType = sourcecode.swift; path = ArticleImageCollectionViewCell.swift; sourceTree = "<group>"; };
		128B4E872553DA0B00D28A0C /* Image.swift */ = {isa = PBXFileReference; lastKnownFileType = sourcecode.swift; path = Image.swift; sourceTree = "<group>"; };
		128B4E8A2554DD1A00D28A0C /* ArticleCollectionViewCell.swift */ = {isa = PBXFileReference; lastKnownFileType = sourcecode.swift; path = ArticleCollectionViewCell.swift; sourceTree = "<group>"; };
		128B4E8B2554DD1A00D28A0C /* ArticleCollectionViewCell.xib */ = {isa = PBXFileReference; lastKnownFileType = file.xib; path = ArticleCollectionViewCell.xib; sourceTree = "<group>"; };
		1292F214255D3D7400EAF496 /* UpdateArticleViewController.swift */ = {isa = PBXFileReference; lastKnownFileType = sourcecode.swift; path = UpdateArticleViewController.swift; sourceTree = "<group>"; };
		129ADA93255C306E00ABA2FE /* ArticleList.plist */ = {isa = PBXFileReference; lastKnownFileType = text.plist.xml; path = ArticleList.plist; sourceTree = "<group>"; };
		12B8B04E2556F4C5001853EB /* BigImageViewController.swift */ = {isa = PBXFileReference; lastKnownFileType = sourcecode.swift; path = BigImageViewController.swift; sourceTree = "<group>"; };
		19461D44255B8F85000D54A5 /* ResMapCollectionViewCell.swift */ = {isa = PBXFileReference; lastKnownFileType = sourcecode.swift; path = ResMapCollectionViewCell.swift; sourceTree = "<group>"; };
		19461D45255B8F85000D54A5 /* ResMapCollectionViewCell.xib */ = {isa = PBXFileReference; lastKnownFileType = file.xib; path = ResMapCollectionViewCell.xib; sourceTree = "<group>"; };
		19461D55255E1A3E000D54A5 /* ResListCollectionViewController.swift */ = {isa = PBXFileReference; lastKnownFileType = sourcecode.swift; path = ResListCollectionViewController.swift; sourceTree = "<group>"; };
		1970875D254BBFCC00014DCF /* FoodRadar_iOS.app */ = {isa = PBXFileReference; explicitFileType = wrapper.application; includeInIndex = 0; path = FoodRadar_iOS.app; sourceTree = BUILT_PRODUCTS_DIR; };
		19708760254BBFCC00014DCF /* AppDelegate.swift */ = {isa = PBXFileReference; lastKnownFileType = sourcecode.swift; path = AppDelegate.swift; sourceTree = "<group>"; };
		19708762254BBFCC00014DCF /* SceneDelegate.swift */ = {isa = PBXFileReference; lastKnownFileType = sourcecode.swift; path = SceneDelegate.swift; sourceTree = "<group>"; };
		19708764254BBFCC00014DCF /* ViewController.swift */ = {isa = PBXFileReference; lastKnownFileType = sourcecode.swift; path = ViewController.swift; sourceTree = "<group>"; };
		19708767254BBFCC00014DCF /* Base */ = {isa = PBXFileReference; lastKnownFileType = file.storyboard; name = Base; path = Base.lproj/Main.storyboard; sourceTree = "<group>"; };
		19708769254BBFCF00014DCF /* Assets.xcassets */ = {isa = PBXFileReference; lastKnownFileType = folder.assetcatalog; path = Assets.xcassets; sourceTree = "<group>"; };
		1970876C254BBFCF00014DCF /* Base */ = {isa = PBXFileReference; lastKnownFileType = file.storyboard; name = Base; path = Base.lproj/LaunchScreen.storyboard; sourceTree = "<group>"; };
		1970876E254BBFCF00014DCF /* Info.plist */ = {isa = PBXFileReference; lastKnownFileType = text.plist.xml; path = Info.plist; sourceTree = "<group>"; };
		19708775254BC0A800014DCF /* Home.storyboard */ = {isa = PBXFileReference; fileEncoding = 4; lastKnownFileType = file.storyboard; path = Home.storyboard; sourceTree = "<group>"; };
		19708779254BC14000014DCF /* Map.storyboard */ = {isa = PBXFileReference; lastKnownFileType = file.storyboard; path = Map.storyboard; sourceTree = "<group>"; };
		1970877C254BC42700014DCF /* Coupon.storyboard */ = {isa = PBXFileReference; lastKnownFileType = file.storyboard; path = Coupon.storyboard; sourceTree = "<group>"; };
		1970877F254BC4BC00014DCF /* Article.storyboard */ = {isa = PBXFileReference; lastKnownFileType = file.storyboard; path = Article.storyboard; sourceTree = "<group>"; };
		19708782254BC7E800014DCF /* User.storyboard */ = {isa = PBXFileReference; lastKnownFileType = file.storyboard; path = User.storyboard; sourceTree = "<group>"; };
		19FC26C2254FB9EB00BD47EC /* NetworkController.swift */ = {isa = PBXFileReference; lastKnownFileType = sourcecode.swift; name = NetworkController.swift; path = FoodRadar_iOS/Common/NetworkController.swift; sourceTree = SOURCE_ROOT; };
		19FC26C6254FBB2D00BD47EC /* ResMaintainViewController.swift */ = {isa = PBXFileReference; lastKnownFileType = sourcecode.swift; path = ResMaintainViewController.swift; sourceTree = "<group>"; };
		19FC26C9254FE1F700BD47EC /* ResCell.swift */ = {isa = PBXFileReference; lastKnownFileType = sourcecode.swift; path = ResCell.swift; sourceTree = "<group>"; };
		19FC26CC254FE38700BD47EC /* Res.swift */ = {isa = PBXFileReference; lastKnownFileType = sourcecode.swift; path = Res.swift; sourceTree = "<group>"; };
		19FC2744255A1F5100BD47EC /* GetImagePost.swift */ = {isa = PBXFileReference; lastKnownFileType = sourcecode.swift; path = GetImagePost.swift; sourceTree = "<group>"; };
		19FC274C255A45A800BD47EC /* ResMapViewController.swift */ = {isa = PBXFileReference; lastKnownFileType = sourcecode.swift; path = ResMapViewController.swift; sourceTree = "<group>"; };
		33A3BB9E2559813700141001 /* MyResTableVC.swift */ = {isa = PBXFileReference; lastKnownFileType = sourcecode.swift; path = MyResTableVC.swift; sourceTree = "<group>"; };
		33A3BBA22559820400141001 /* MyResTableVCell.swift */ = {isa = PBXFileReference; lastKnownFileType = sourcecode.swift; path = MyResTableVCell.swift; sourceTree = "<group>"; };
		33A3BC2E255BD40C00141001 /* MyRes.swift */ = {isa = PBXFileReference; lastKnownFileType = sourcecode.swift; path = MyRes.swift; sourceTree = "<group>"; };
		33A3BC32255BD68E00141001 /* UserAccountFile.swift */ = {isa = PBXFileReference; lastKnownFileType = sourcecode.swift; path = UserAccountFile.swift; sourceTree = "<group>"; };
		33AEB6472552AB9F00083F2E /* UserAreaTableVC.swift */ = {isa = PBXFileReference; lastKnownFileType = sourcecode.swift; path = UserAreaTableVC.swift; sourceTree = "<group>"; };
		33AEB64C2553928400083F2E /* UserDataSetupVC.swift */ = {isa = PBXFileReference; lastKnownFileType = sourcecode.swift; path = UserDataSetupVC.swift; sourceTree = "<group>"; };
		33BD4AA325552556001924DD /* UserAccount.swift */ = {isa = PBXFileReference; lastKnownFileType = sourcecode.swift; path = UserAccount.swift; sourceTree = "<group>"; };
		33BD4AA625553495001924DD /* UserCommon.swift */ = {isa = PBXFileReference; lastKnownFileType = sourcecode.swift; path = UserCommon.swift; sourceTree = "<group>"; };
		33D8C6452562720D0036F31C /* MyArticleVController.swift */ = {isa = PBXFileReference; lastKnownFileType = sourcecode.swift; path = MyArticleVController.swift; sourceTree = "<group>"; };
		33D8C648256272350036F31C /* MyArticleVCell.swift */ = {isa = PBXFileReference; lastKnownFileType = sourcecode.swift; path = MyArticleVCell.swift; sourceTree = "<group>"; };
		33D8C64B25627CB50036F31C /* MyArticle.swift */ = {isa = PBXFileReference; lastKnownFileType = sourcecode.swift; path = MyArticle.swift; sourceTree = "<group>"; };
/* End PBXFileReference section */

/* Begin PBXFrameworksBuildPhase section */
		1970875A254BBFCC00014DCF /* Frameworks */ = {
			isa = PBXFrameworksBuildPhase;
			buildActionMask = 2147483647;
			files = (
			);
			runOnlyForDeploymentPostprocessing = 0;
		};
/* End PBXFrameworksBuildPhase section */

/* Begin PBXGroup section */
		19461D4C255B9146000D54A5 /* ViewControllers */ = {
			isa = PBXGroup;
			children = (
				19FC274C255A45A800BD47EC /* ResMapViewController.swift */,
				19461D55255E1A3E000D54A5 /* ResListCollectionViewController.swift */,
			);
			path = ViewControllers;
			sourceTree = "<group>";
		};
		19461D4D255B9160000D54A5 /* Views */ = {
			isa = PBXGroup;
			children = (
				19708779254BC14000014DCF /* Map.storyboard */,
				19461D44255B8F85000D54A5 /* ResMapCollectionViewCell.swift */,
				19461D45255B8F85000D54A5 /* ResMapCollectionViewCell.xib */,
			);
			path = Views;
			sourceTree = "<group>";
		};
		19461D4E255B91A1000D54A5 /* Model */ = {
			isa = PBXGroup;
			children = (
				19FC26CC254FE38700BD47EC /* Res.swift */,
			);
			path = Model;
			sourceTree = "<group>";
		};
		19708754254BBFCC00014DCF = {
			isa = PBXGroup;
			children = (
				1970875F254BBFCC00014DCF /* FoodRadar_iOS */,
				1970875E254BBFCC00014DCF /* Products */,
				33D8C653256367480036F31C /* Recovered References */,
			);
			sourceTree = "<group>";
		};
		1970875E254BBFCC00014DCF /* Products */ = {
			isa = PBXGroup;
			children = (
				1970875D254BBFCC00014DCF /* FoodRadar_iOS.app */,
			);
			name = Products;
			sourceTree = "<group>";
		};
		1970875F254BBFCC00014DCF /* FoodRadar_iOS */ = {
			isa = PBXGroup;
			children = (
				123DBCB32552D33E0051E8AA /* Common.swift */,
				19FC26C2254FB9EB00BD47EC /* NetworkController.swift */,
				19FC2743255A1F1F00BD47EC /* Common */,
				19FC26C0254FB66000BD47EC /* Home */,
				19FC26BF254FB64700BD47EC /* User */,
				19FC26BE254FB63900BD47EC /* Coupon */,
				19FC26BD254FB62900BD47EC /* Article */,
				19FC26BC254FB60F00BD47EC /* Map */,
				19708760254BBFCC00014DCF /* AppDelegate.swift */,
				19708762254BBFCC00014DCF /* SceneDelegate.swift */,
				19708764254BBFCC00014DCF /* ViewController.swift */,
				19708766254BBFCC00014DCF /* Main.storyboard */,
				19708769254BBFCF00014DCF /* Assets.xcassets */,
				1970876B254BBFCF00014DCF /* LaunchScreen.storyboard */,
				1970876E254BBFCF00014DCF /* Info.plist */,
			);
			path = FoodRadar_iOS;
			sourceTree = "<group>";
		};
		19FC26BC254FB60F00BD47EC /* Map */ = {
			isa = PBXGroup;
			children = (
				19461D4D255B9160000D54A5 /* Views */,
				19461D4C255B9146000D54A5 /* ViewControllers */,
				19461D4E255B91A1000D54A5 /* Model */,
			);
			path = Map;
			sourceTree = "<group>";
		};
		19FC26BD254FB62900BD47EC /* Article */ = {
			isa = PBXGroup;
			children = (
				1970877F254BC4BC00014DCF /* Article.storyboard */,
				124E53C1255FD4790053DA55 /* UpdateShowImageCollectionViewCell.swift */,
				124E53C4255FD4960053DA55 /* UpdateInsertImageCollectionViewCell.swift */,
				1292F214255D3D7400EAF496 /* UpdateArticleViewController.swift */,
				126CD159255A7979008FC50A /* InsertImageView.swift */,
				120CB5E52558622100F86A72 /* CommentViewController.swift */,
				120CB5E82558640600F86A72 /* Comment.swift */,
				120CB5E2255860D100F86A72 /* CommentTableViewCell.swift */,
				120CB5DF2557FA9900F86A72 /* ResAddress.swift */,
				120CB5DC2557F19300F86A72 /* ResPickerTableViewCell.swift */,
				120CB5D92557F16200F86A72 /* ResPickerTableViewController.swift */,
				120CB5D12557D51500F86A72 /* InsertArticleViewController.swift */,
				12B8B04E2556F4C5001853EB /* BigImageViewController.swift */,
				127DF32625558AC3009138CF /* ArticleImageCollectionViewCell.swift */,
				127DF31B25551EE6009138CF /* ArticleDetailViewController.swift */,
				127DF3182555143E009138CF /* RankCollectionViewController.swift */,
				123DBCAA25528C380051E8AA /* ArticleTableViewCell.swift */,
				128B4E8A2554DD1A00D28A0C /* ArticleCollectionViewCell.swift */,
				128B4E8B2554DD1A00D28A0C /* ArticleCollectionViewCell.xib */,
				123DBCAB25528C380051E8AA /* ArticleTableViewCell.xib */,
				123DBCA7255268DD0051E8AA /* ArticleViewController.swift */,
				123DBCA425525E3B0051E8AA /* FavoriteArticleTableViewController.swift */,
				123DBCA125525DF60051E8AA /* RankArticleTableViewController.swift */,
				123DBC9E25525D980051E8AA /* NewArticleTableViewController.swift */,
				123DBC9B2551CC250051E8AA /* Article.swift */,
				128B4E872553DA0B00D28A0C /* Image.swift */,
				129ADA93255C306E00ABA2FE /* ArticleList.plist */,
			);
			path = Article;
			sourceTree = "<group>";
		};
		19FC26BE254FB63900BD47EC /* Coupon */ = {
			isa = PBXGroup;
			children = (
				1970877C254BC42700014DCF /* Coupon.storyboard */,
			);
			path = Coupon;
			sourceTree = "<group>";
		};
		19FC26BF254FB64700BD47EC /* User */ = {
			isa = PBXGroup;
			children = (
				19708782254BC7E800014DCF /* User.storyboard */,
				33A3BC2E255BD40C00141001 /* MyRes.swift */,
				33A3BB9E2559813700141001 /* MyResTableVC.swift */,
				33A3BBA22559820400141001 /* MyResTableVCell.swift */,
				33D8C64B25627CB50036F31C /* MyArticle.swift */,
				33D8C6452562720D0036F31C /* MyArticleVController.swift */,
				33D8C648256272350036F31C /* MyArticleVCell.swift */,
				33AEB64C2553928400083F2E /* UserDataSetupVC.swift */,
				19FC26C6254FBB2D00BD47EC /* ResMaintainViewController.swift */,
				19FC26C9254FE1F700BD47EC /* ResCell.swift */,
				33AEB6472552AB9F00083F2E /* UserAreaTableVC.swift */,
				33BD4AA325552556001924DD /* UserAccount.swift */,
				33BD4AA625553495001924DD /* UserCommon.swift */,
			);
			path = User;
			sourceTree = "<group>";
		};
		19FC26C0254FB66000BD47EC /* Home */ = {
			isa = PBXGroup;
			children = (
				19708775254BC0A800014DCF /* Home.storyboard */,
			);
			path = Home;
			sourceTree = "<group>";
		};
		19FC2743255A1F1F00BD47EC /* Common */ = {
			isa = PBXGroup;
			children = (
				19FC2744255A1F5100BD47EC /* GetImagePost.swift */,
			);
			path = Common;
			sourceTree = "<group>";
		};
		33D8C653256367480036F31C /* Recovered References */ = {
			isa = PBXGroup;
			children = (
				33A3BC32255BD68E00141001 /* UserAccountFile.swift */,
			);
			name = "Recovered References";
			sourceTree = "<group>";
		};
/* End PBXGroup section */

/* Begin PBXNativeTarget section */
		1970875C254BBFCC00014DCF /* FoodRadar_iOS */ = {
			isa = PBXNativeTarget;
			buildConfigurationList = 19708771254BBFCF00014DCF /* Build configuration list for PBXNativeTarget "FoodRadar_iOS" */;
			buildPhases = (
				19708759254BBFCC00014DCF /* Sources */,
				1970875A254BBFCC00014DCF /* Frameworks */,
				1970875B254BBFCC00014DCF /* Resources */,
			);
			buildRules = (
			);
			dependencies = (
			);
			name = FoodRadar_iOS;
			productName = FoodRadar_iOS;
			productReference = 1970875D254BBFCC00014DCF /* FoodRadar_iOS.app */;
			productType = "com.apple.product-type.application";
		};
/* End PBXNativeTarget section */

/* Begin PBXProject section */
		19708755254BBFCC00014DCF /* Project object */ = {
			isa = PBXProject;
			attributes = {
				LastSwiftUpdateCheck = 1210;
				LastUpgradeCheck = 1210;
				TargetAttributes = {
					1970875C254BBFCC00014DCF = {
						CreatedOnToolsVersion = 12.1;
					};
				};
			};
			buildConfigurationList = 19708758254BBFCC00014DCF /* Build configuration list for PBXProject "FoodRadar_iOS" */;
			compatibilityVersion = "Xcode 9.3";
			developmentRegion = en;
			hasScannedForEncodings = 0;
			knownRegions = (
				en,
				Base,
			);
			mainGroup = 19708754254BBFCC00014DCF;
			packageReferences = (
				12B8B04C25567BD6001853EB /* XCRemoteSwiftPackageReference "Kingfisher" */,
			);
			productRefGroup = 1970875E254BBFCC00014DCF /* Products */;
			projectDirPath = "";
			projectRoot = "";
			targets = (
				1970875C254BBFCC00014DCF /* FoodRadar_iOS */,
			);
		};
/* End PBXProject section */

/* Begin PBXResourcesBuildPhase section */
		1970875B254BBFCC00014DCF /* Resources */ = {
			isa = PBXResourcesBuildPhase;
			buildActionMask = 2147483647;
			files = (
				1970876D254BBFCF00014DCF /* LaunchScreen.storyboard in Resources */,
				123DBCAD25528C380051E8AA /* ArticleTableViewCell.xib in Resources */,
				1970876A254BBFCF00014DCF /* Assets.xcassets in Resources */,
				19708780254BC4BC00014DCF /* Article.storyboard in Resources */,
				1970877A254BC14000014DCF /* Map.storyboard in Resources */,
				19708768254BBFCC00014DCF /* Main.storyboard in Resources */,
				19708783254BC7E800014DCF /* User.storyboard in Resources */,
				19461D47255B8F85000D54A5 /* ResMapCollectionViewCell.xib in Resources */,
				128B4E8D2554DD1A00D28A0C /* ArticleCollectionViewCell.xib in Resources */,
				1970877D254BC42700014DCF /* Coupon.storyboard in Resources */,
				129ADA94255C306E00ABA2FE /* ArticleList.plist in Resources */,
				19708776254BC0A800014DCF /* Home.storyboard in Resources */,
			);
			runOnlyForDeploymentPostprocessing = 0;
		};
/* End PBXResourcesBuildPhase section */

/* Begin PBXSourcesBuildPhase section */
		19708759254BBFCC00014DCF /* Sources */ = {
			isa = PBXSourcesBuildPhase;
			buildActionMask = 2147483647;
			files = (
				33AEB64D2553928400083F2E /* UserDataSetupVC.swift in Sources */,
				19FC26CA254FE1F700BD47EC /* ResCell.swift in Sources */,
				33BD4AA725553495001924DD /* UserCommon.swift in Sources */,
				19FC274D255A45A800BD47EC /* ResMapViewController.swift in Sources */,
				128B4E8C2554DD1A00D28A0C /* ArticleCollectionViewCell.swift in Sources */,
				19FC26CA254FE1F700BD47EC /* ResCell.swift in Sources */,
				127DF31C25551EE6009138CF /* ArticleDetailViewController.swift in Sources */,
				120CB5E92558640600F86A72 /* Comment.swift in Sources */,
				127DF3192555143E009138CF /* RankCollectionViewController.swift in Sources */,
				123DBCAC25528C380051E8AA /* ArticleTableViewCell.swift in Sources */,
				19461D46255B8F85000D54A5 /* ResMapCollectionViewCell.swift in Sources */,
				127DF32725558AC3009138CF /* ArticleImageCollectionViewCell.swift in Sources */,
				123DBCA8255268DD0051E8AA /* ArticleViewController.swift in Sources */,
				12B8B04F2556F4C5001853EB /* BigImageViewController.swift in Sources */,
				126CD15A255A7979008FC50A /* InsertImageView.swift in Sources */,
				120CB5E62558622100F86A72 /* CommentViewController.swift in Sources */,
				33AEB6482552AB9F00083F2E /* UserAreaTableVC.swift in Sources */,
				19FC2745255A1F5100BD47EC /* GetImagePost.swift in Sources */,
				19FC26C3254FB9EB00BD47EC /* NetworkController.swift in Sources */,
				124E53C2255FD47A0053DA55 /* UpdateShowImageCollectionViewCell.swift in Sources */,
				19FC26C7254FBB2D00BD47EC /* ResMaintainViewController.swift in Sources */,
				124E53C5255FD4960053DA55 /* UpdateInsertImageCollectionViewCell.swift in Sources */,
				33A3BB9F2559813700141001 /* MyResTableVC.swift in Sources */,
				19FC26CD254FE38700BD47EC /* Res.swift in Sources */,
				19461D56255E1A3E000D54A5 /* ResListCollectionViewController.swift in Sources */,
				120CB5DA2557F16200F86A72 /* ResPickerTableViewController.swift in Sources */,
				33D8C6462562720D0036F31C /* MyArticleVController.swift in Sources */,
				1292F215255D3D7400EAF496 /* UpdateArticleViewController.swift in Sources */,
				123DBCB42552D33E0051E8AA /* Common.swift in Sources */,
				33D8C649256272350036F31C /* MyArticleVCell.swift in Sources */,
				123DBCA225525DF60051E8AA /* RankArticleTableViewController.swift in Sources */,
				128B4E882553DA0B00D28A0C /* Image.swift in Sources */,
				123DBC9C2551CC250051E8AA /* Article.swift in Sources */,
				19708765254BBFCC00014DCF /* ViewController.swift in Sources */,
				120CB5DD2557F19300F86A72 /* ResPickerTableViewCell.swift in Sources */,
				19708761254BBFCC00014DCF /* AppDelegate.swift in Sources */,
				33A3BBA32559820400141001 /* MyResTableVCell.swift in Sources */,
				33A3BC2F255BD40C00141001 /* MyRes.swift in Sources */,
				19708763254BBFCC00014DCF /* SceneDelegate.swift in Sources */,
				33BD4AA425552556001924DD /* UserAccount.swift in Sources */,
				120CB5D22557D51500F86A72 /* InsertArticleViewController.swift in Sources */,
				120CB5E3255860D100F86A72 /* CommentTableViewCell.swift in Sources */,
				120CB5E02557FA9900F86A72 /* ResAddress.swift in Sources */,
				19708763254BBFCC00014DCF /* SceneDelegate.swift in Sources */,
				33D8C64C25627CB50036F31C /* MyArticle.swift in Sources */,
				123DBCA525525E3B0051E8AA /* FavoriteArticleTableViewController.swift in Sources */,
				123DBC9F25525D980051E8AA /* NewArticleTableViewController.swift in Sources */,
			);
			runOnlyForDeploymentPostprocessing = 0;
		};
/* End PBXSourcesBuildPhase section */

/* Begin PBXVariantGroup section */
		19708766254BBFCC00014DCF /* Main.storyboard */ = {
			isa = PBXVariantGroup;
			children = (
				19708767254BBFCC00014DCF /* Base */,
			);
			name = Main.storyboard;
			sourceTree = "<group>";
		};
		1970876B254BBFCF00014DCF /* LaunchScreen.storyboard */ = {
			isa = PBXVariantGroup;
			children = (
				1970876C254BBFCF00014DCF /* Base */,
			);
			name = LaunchScreen.storyboard;
			sourceTree = "<group>";
		};
/* End PBXVariantGroup section */

/* Begin XCBuildConfiguration section */
		1970876F254BBFCF00014DCF /* Debug */ = {
			isa = XCBuildConfiguration;
			buildSettings = {
				ALWAYS_SEARCH_USER_PATHS = NO;
				CLANG_ANALYZER_NONNULL = YES;
				CLANG_ANALYZER_NUMBER_OBJECT_CONVERSION = YES_AGGRESSIVE;
				CLANG_CXX_LANGUAGE_STANDARD = "gnu++14";
				CLANG_CXX_LIBRARY = "libc++";
				CLANG_ENABLE_MODULES = YES;
				CLANG_ENABLE_OBJC_ARC = YES;
				CLANG_ENABLE_OBJC_WEAK = YES;
				CLANG_WARN_BLOCK_CAPTURE_AUTORELEASING = YES;
				CLANG_WARN_BOOL_CONVERSION = YES;
				CLANG_WARN_COMMA = YES;
				CLANG_WARN_CONSTANT_CONVERSION = YES;
				CLANG_WARN_DEPRECATED_OBJC_IMPLEMENTATIONS = YES;
				CLANG_WARN_DIRECT_OBJC_ISA_USAGE = YES_ERROR;
				CLANG_WARN_DOCUMENTATION_COMMENTS = YES;
				CLANG_WARN_EMPTY_BODY = YES;
				CLANG_WARN_ENUM_CONVERSION = YES;
				CLANG_WARN_INFINITE_RECURSION = YES;
				CLANG_WARN_INT_CONVERSION = YES;
				CLANG_WARN_NON_LITERAL_NULL_CONVERSION = YES;
				CLANG_WARN_OBJC_IMPLICIT_RETAIN_SELF = YES;
				CLANG_WARN_OBJC_LITERAL_CONVERSION = YES;
				CLANG_WARN_OBJC_ROOT_CLASS = YES_ERROR;
				CLANG_WARN_QUOTED_INCLUDE_IN_FRAMEWORK_HEADER = YES;
				CLANG_WARN_RANGE_LOOP_ANALYSIS = YES;
				CLANG_WARN_STRICT_PROTOTYPES = YES;
				CLANG_WARN_SUSPICIOUS_MOVE = YES;
				CLANG_WARN_UNGUARDED_AVAILABILITY = YES_AGGRESSIVE;
				CLANG_WARN_UNREACHABLE_CODE = YES;
				CLANG_WARN__DUPLICATE_METHOD_MATCH = YES;
				COPY_PHASE_STRIP = NO;
				DEBUG_INFORMATION_FORMAT = dwarf;
				ENABLE_STRICT_OBJC_MSGSEND = YES;
				ENABLE_TESTABILITY = YES;
				GCC_C_LANGUAGE_STANDARD = gnu11;
				GCC_DYNAMIC_NO_PIC = NO;
				GCC_NO_COMMON_BLOCKS = YES;
				GCC_OPTIMIZATION_LEVEL = 0;
				GCC_PREPROCESSOR_DEFINITIONS = (
					"DEBUG=1",
					"$(inherited)",
				);
				GCC_WARN_64_TO_32_BIT_CONVERSION = YES;
				GCC_WARN_ABOUT_RETURN_TYPE = YES_ERROR;
				GCC_WARN_UNDECLARED_SELECTOR = YES;
				GCC_WARN_UNINITIALIZED_AUTOS = YES_AGGRESSIVE;
				GCC_WARN_UNUSED_FUNCTION = YES;
				GCC_WARN_UNUSED_VARIABLE = YES;
				IPHONEOS_DEPLOYMENT_TARGET = 14.1;
				MTL_ENABLE_DEBUG_INFO = INCLUDE_SOURCE;
				MTL_FAST_MATH = YES;
				ONLY_ACTIVE_ARCH = YES;
				SDKROOT = iphoneos;
				SWIFT_ACTIVE_COMPILATION_CONDITIONS = DEBUG;
				SWIFT_OPTIMIZATION_LEVEL = "-Onone";
			};
			name = Debug;
		};
		19708770254BBFCF00014DCF /* Release */ = {
			isa = XCBuildConfiguration;
			buildSettings = {
				ALWAYS_SEARCH_USER_PATHS = NO;
				CLANG_ANALYZER_NONNULL = YES;
				CLANG_ANALYZER_NUMBER_OBJECT_CONVERSION = YES_AGGRESSIVE;
				CLANG_CXX_LANGUAGE_STANDARD = "gnu++14";
				CLANG_CXX_LIBRARY = "libc++";
				CLANG_ENABLE_MODULES = YES;
				CLANG_ENABLE_OBJC_ARC = YES;
				CLANG_ENABLE_OBJC_WEAK = YES;
				CLANG_WARN_BLOCK_CAPTURE_AUTORELEASING = YES;
				CLANG_WARN_BOOL_CONVERSION = YES;
				CLANG_WARN_COMMA = YES;
				CLANG_WARN_CONSTANT_CONVERSION = YES;
				CLANG_WARN_DEPRECATED_OBJC_IMPLEMENTATIONS = YES;
				CLANG_WARN_DIRECT_OBJC_ISA_USAGE = YES_ERROR;
				CLANG_WARN_DOCUMENTATION_COMMENTS = YES;
				CLANG_WARN_EMPTY_BODY = YES;
				CLANG_WARN_ENUM_CONVERSION = YES;
				CLANG_WARN_INFINITE_RECURSION = YES;
				CLANG_WARN_INT_CONVERSION = YES;
				CLANG_WARN_NON_LITERAL_NULL_CONVERSION = YES;
				CLANG_WARN_OBJC_IMPLICIT_RETAIN_SELF = YES;
				CLANG_WARN_OBJC_LITERAL_CONVERSION = YES;
				CLANG_WARN_OBJC_ROOT_CLASS = YES_ERROR;
				CLANG_WARN_QUOTED_INCLUDE_IN_FRAMEWORK_HEADER = YES;
				CLANG_WARN_RANGE_LOOP_ANALYSIS = YES;
				CLANG_WARN_STRICT_PROTOTYPES = YES;
				CLANG_WARN_SUSPICIOUS_MOVE = YES;
				CLANG_WARN_UNGUARDED_AVAILABILITY = YES_AGGRESSIVE;
				CLANG_WARN_UNREACHABLE_CODE = YES;
				CLANG_WARN__DUPLICATE_METHOD_MATCH = YES;
				COPY_PHASE_STRIP = NO;
				DEBUG_INFORMATION_FORMAT = "dwarf-with-dsym";
				ENABLE_NS_ASSERTIONS = NO;
				ENABLE_STRICT_OBJC_MSGSEND = YES;
				GCC_C_LANGUAGE_STANDARD = gnu11;
				GCC_NO_COMMON_BLOCKS = YES;
				GCC_WARN_64_TO_32_BIT_CONVERSION = YES;
				GCC_WARN_ABOUT_RETURN_TYPE = YES_ERROR;
				GCC_WARN_UNDECLARED_SELECTOR = YES;
				GCC_WARN_UNINITIALIZED_AUTOS = YES_AGGRESSIVE;
				GCC_WARN_UNUSED_FUNCTION = YES;
				GCC_WARN_UNUSED_VARIABLE = YES;
				IPHONEOS_DEPLOYMENT_TARGET = 14.1;
				MTL_ENABLE_DEBUG_INFO = NO;
				MTL_FAST_MATH = YES;
				SDKROOT = iphoneos;
				SWIFT_COMPILATION_MODE = wholemodule;
				SWIFT_OPTIMIZATION_LEVEL = "-O";
				VALIDATE_PRODUCT = YES;
			};
			name = Release;
		};
		19708772254BBFCF00014DCF /* Debug */ = {
			isa = XCBuildConfiguration;
			buildSettings = {
				ASSETCATALOG_COMPILER_APPICON_NAME = AppIcon;
				ASSETCATALOG_COMPILER_GLOBAL_ACCENT_COLOR_NAME = AccentColor;
				CODE_SIGN_STYLE = Automatic;
				DEVELOPMENT_TEAM = B88BB8V7Q7;
				INFOPLIST_FILE = FoodRadar_iOS/Info.plist;
				IPHONEOS_DEPLOYMENT_TARGET = 13.6;
				LD_RUNPATH_SEARCH_PATHS = (
					"$(inherited)",
					"@executable_path/Frameworks",
				);
				PRODUCT_BUNDLE_IDENTIFIER = "com.mark.FoodRadar-iOS";
				PRODUCT_NAME = "$(TARGET_NAME)";
				SWIFT_VERSION = 5.0;
				TARGETED_DEVICE_FAMILY = "1,2";
			};
			name = Debug;
		};
		19708773254BBFCF00014DCF /* Release */ = {
			isa = XCBuildConfiguration;
			buildSettings = {
				ASSETCATALOG_COMPILER_APPICON_NAME = AppIcon;
				ASSETCATALOG_COMPILER_GLOBAL_ACCENT_COLOR_NAME = AccentColor;
				CODE_SIGN_STYLE = Automatic;
				DEVELOPMENT_TEAM = B88BB8V7Q7;
				INFOPLIST_FILE = FoodRadar_iOS/Info.plist;
				IPHONEOS_DEPLOYMENT_TARGET = 13.6;
				LD_RUNPATH_SEARCH_PATHS = (
					"$(inherited)",
					"@executable_path/Frameworks",
				);
				PRODUCT_BUNDLE_IDENTIFIER = "com.mark.FoodRadar-iOS";
				PRODUCT_NAME = "$(TARGET_NAME)";
				SWIFT_VERSION = 5.0;
				TARGETED_DEVICE_FAMILY = "1,2";
			};
			name = Release;
		};
/* End XCBuildConfiguration section */

/* Begin XCConfigurationList section */
		19708758254BBFCC00014DCF /* Build configuration list for PBXProject "FoodRadar_iOS" */ = {
			isa = XCConfigurationList;
			buildConfigurations = (
				1970876F254BBFCF00014DCF /* Debug */,
				19708770254BBFCF00014DCF /* Release */,
			);
			defaultConfigurationIsVisible = 0;
			defaultConfigurationName = Release;
		};
		19708771254BBFCF00014DCF /* Build configuration list for PBXNativeTarget "FoodRadar_iOS" */ = {
			isa = XCConfigurationList;
			buildConfigurations = (
				19708772254BBFCF00014DCF /* Debug */,
				19708773254BBFCF00014DCF /* Release */,
			);
			defaultConfigurationIsVisible = 0;
			defaultConfigurationName = Release;
		};
/* End XCConfigurationList section */

/* Begin XCRemoteSwiftPackageReference section */
		12B8B04C25567BD6001853EB /* XCRemoteSwiftPackageReference "Kingfisher" */ = {
			isa = XCRemoteSwiftPackageReference;
			repositoryURL = "https://github.com/onevcat/Kingfisher.git";
			requirement = {
				kind = upToNextMajorVersion;
				minimumVersion = 5.15.7;
			};
		};
/* End XCRemoteSwiftPackageReference section */
	};
	rootObject = 19708755254BBFCC00014DCF /* Project object */;
}
